{
  "name": "wxapii",
  "version": "1.0.0",
  "lockfileVersion": 1,
  "requires": true,
  "dependencies": {
    "gohttp": {
      "version": "2.0.0",
      "resolved": "https://registry.npmjs.org/gohttp/-/gohttp-2.0.0.tgz",
      "integrity": "sha512-xwx0XZh16qsbVZKRk5fzeoGqz6u7H7s1XO1OE0cspzJNJvWFGOFu3GR8VTmDb+R7boFF65En1SWU8kwXyzrzeA=="
    }
  }
}
